// !$*UTF8*$!
{
	archiveVersion = 1;
	classes = {
	};
	objectVersion = 63;
	objects = {

/* Begin PBXBuildFile section */
		F41F5B4F2CCBB1C30076D66F /* BitanaHelperApp.swift in Sources */ = {isa = PBXBuildFile; fileRef = F41F5B4E2CCBB1C30076D66F /* BitanaHelperApp.swift */; };
		F41F5B532CCBB1C50076D66F /* Assets.xcassets in Resources */ = {isa = PBXBuildFile; fileRef = F41F5B522CCBB1C50076D66F /* Assets.xcassets */; };
		F41F5B572CCBB1C50076D66F /* Preview Assets.xcassets in Resources */ = {isa = PBXBuildFile; fileRef = F41F5B562CCBB1C50076D66F /* Preview Assets.xcassets */; };
		F41F5B5E2CCBB2590076D66F /* WaiterView.swift in Sources */ = {isa = PBXBuildFile; fileRef = F41F5B5D2CCBB2590076D66F /* WaiterView.swift */; };
		F41F5B602CCBB4340076D66F /* NavigationManager.swift in Sources */ = {isa = PBXBuildFile; fileRef = F41F5B5F2CCBB4340076D66F /* NavigationManager.swift */; };
		F41F5B632CCBB44B0076D66F /* ViewPresented.swift in Sources */ = {isa = PBXBuildFile; fileRef = F41F5B622CCBB44B0076D66F /* ViewPresented.swift */; };
		F41F5B652CCBB6F60076D66F /* CirclesLoadingView.swift in Sources */ = {isa = PBXBuildFile; fileRef = F41F5B642CCBB6F60076D66F /* CirclesLoadingView.swift */; };
		F41F5B682CCBB93E0076D66F /* LandingView.swift in Sources */ = {isa = PBXBuildFile; fileRef = F41F5B672CCBB93E0076D66F /* LandingView.swift */; };
		F41F5B6A2CCBBD820076D66F /* Inter_28pt-SemiBold.ttf in Resources */ = {isa = PBXBuildFile; fileRef = F41F5B692CCBBD820076D66F /* Inter_28pt-SemiBold.ttf */; };
		F41F5B6D2CCC08C00076D66F /* TabBarView.swift in Sources */ = {isa = PBXBuildFile; fileRef = F41F5B6C2CCC08C00076D66F /* TabBarView.swift */; };
		F41F5B6F2CCC1BF90076D66F /* WalletView.swift in Sources */ = {isa = PBXBuildFile; fileRef = F41F5B6E2CCC1BF90076D66F /* WalletView.swift */; };
		F41F5B722CCC1DFC0076D66F /* TextAnimatableValue.swift in Sources */ = {isa = PBXBuildFile; fileRef = F41F5B712CCC1DFC0076D66F /* TextAnimatableValue.swift */; };
		F41F5B742CCC1E420076D66F /* FinanceClass.swift in Sources */ = {isa = PBXBuildFile; fileRef = F41F5B732CCC1E420076D66F /* FinanceClass.swift */; };
		F41F5B7A2CCC28350076D66F /* Inter_28pt-Medium.ttf in Resources */ = {isa = PBXBuildFile; fileRef = F41F5B792CCC28350076D66F /* Inter_28pt-Medium.ttf */; };
		F41F5B7C2CCC3DBF0076D66F /* ChangeTargetView.swift in Sources */ = {isa = PBXBuildFile; fileRef = F41F5B7B2CCC3DBF0076D66F /* ChangeTargetView.swift */; };
		F41F5B7E2CCC40E40076D66F /* TextfieldBetn.swift in Sources */ = {isa = PBXBuildFile; fileRef = F41F5B7D2CCC40E40076D66F /* TextfieldBetn.swift */; };
		F41F5B802CCC45B00076D66F /* RedButtonView.swift in Sources */ = {isa = PBXBuildFile; fileRef = F41F5B7F2CCC45B00076D66F /* RedButtonView.swift */; };
		F41F5B822CCC4CC40076D66F /* TipsView.swift in Sources */ = {isa = PBXBuildFile; fileRef = F41F5B812CCC4CC40076D66F /* TipsView.swift */; };
		F41F5B842CCC4E3B0076D66F /* SettingsView.swift in Sources */ = {isa = PBXBuildFile; fileRef = F41F5B832CCC4E3B0076D66F /* SettingsView.swift */; };
		F41F5B872CCC5CCA0076D66F /* TipModel.swift in Sources */ = {isa = PBXBuildFile; fileRef = F41F5B862CCC5CCA0076D66F /* TipModel.swift */; };
		F41F5B892CCC6B940076D66F /* TipRectangleView.swift in Sources */ = {isa = PBXBuildFile; fileRef = F41F5B882CCC6B940076D66F /* TipRectangleView.swift */; };
		F41F5B8B2CCD3FBC0076D66F /* AddOperationView.swift in Sources */ = {isa = PBXBuildFile; fileRef = F41F5B8A2CCD3FBC0076D66F /* AddOperationView.swift */; };
		F41F5B8D2CCD62800076D66F /* ChooseCategoryRectangle.swift in Sources */ = {isa = PBXBuildFile; fileRef = F41F5B8C2CCD62800076D66F /* ChooseCategoryRectangle.swift */; };
		F41F5B8F2CCE94D30076D66F /* OperationsHistoryRectangleView.swift in Sources */ = {isa = PBXBuildFile; fileRef = F41F5B8E2CCE94D30076D66F /* OperationsHistoryRectangleView.swift */; };
		F41F5B922CCE9C9D0076D66F /* HistoryView.swift in Sources */ = {isa = PBXBuildFile; fileRef = F41F5B912CCE9C9D0076D66F /* HistoryView.swift */; };
		F41F5B942CCEBE470076D66F /* AnalyticsRectangleView.swift in Sources */ = {isa = PBXBuildFile; fileRef = F41F5B932CCEBE470076D66F /* AnalyticsRectangleView.swift */; };
		F4713CB42CD9434B00C5BDC6 /* IstokWeb-Bold.ttf in Resources */ = {isa = PBXBuildFile; fileRef = F4713CB32CD9434B00C5BDC6 /* IstokWeb-Bold.ttf */; };
/* End PBXBuildFile section */

/* Begin PBXFileReference section */
		F41F5B4B2CCBB1C30076D66F /* BitanoHelper.app */ = {isa = PBXFileReference; explicitFileType = wrapper.application; includeInIndex = 0; path = BitanoHelper.app; sourceTree = BUILT_PRODUCTS_DIR; };
		F41F5B4E2CCBB1C30076D66F /* BitanaHelperApp.swift */ = {isa = PBXFileReference; lastKnownFileType = sourcecode.swift; path = BitanaHelperApp.swift; sourceTree = "<group>"; };
		F41F5B522CCBB1C50076D66F /* Assets.xcassets */ = {isa = PBXFileReference; lastKnownFileType = folder.assetcatalog; path = Assets.xcassets; sourceTree = "<group>"; };
		F41F5B542CCBB1C50076D66F /* BitanoHelper.entitlements */ = {isa = PBXFileReference; lastKnownFileType = text.plist.entitlements; path = BitanoHelper.entitlements; sourceTree = "<group>"; };
		F41F5B562CCBB1C50076D66F /* Preview Assets.xcassets */ = {isa = PBXFileReference; lastKnownFileType = folder.assetcatalog; path = "Preview Assets.xcassets"; sourceTree = "<group>"; };
		F41F5B5D2CCBB2590076D66F /* WaiterView.swift */ = {isa = PBXFileReference; lastKnownFileType = sourcecode.swift; path = WaiterView.swift; sourceTree = "<group>"; };
		F41F5B5F2CCBB4340076D66F /* NavigationManager.swift */ = {isa = PBXFileReference; lastKnownFileType = sourcecode.swift; path = NavigationManager.swift; sourceTree = "<group>"; };
		F41F5B622CCBB44B0076D66F /* ViewPresented.swift */ = {isa = PBXFileReference; lastKnownFileType = sourcecode.swift; path = ViewPresented.swift; sourceTree = "<group>"; };
		F41F5B642CCBB6F60076D66F /* CirclesLoadingView.swift */ = {isa = PBXFileReference; lastKnownFileType = sourcecode.swift; path = CirclesLoadingView.swift; sourceTree = "<group>"; };
		F41F5B672CCBB93E0076D66F /* LandingView.swift */ = {isa = PBXFileReference; lastKnownFileType = sourcecode.swift; path = LandingView.swift; sourceTree = "<group>"; };
		F41F5B692CCBBD820076D66F /* Inter_28pt-SemiBold.ttf */ = {isa = PBXFileReference; lastKnownFileType = file; path = "Inter_28pt-SemiBold.ttf"; sourceTree = "<group>"; };
		F41F5B6B2CCBBD8C0076D66F /* BitanoHelper.plist */ = {isa = PBXFileReference; lastKnownFileType = text.plist.xml; path = BitanoHelper.plist; sourceTree = SOURCE_ROOT; };
		F41F5B6C2CCC08C00076D66F /* TabBarView.swift */ = {isa = PBXFileReference; lastKnownFileType = sourcecode.swift; path = TabBarView.swift; sourceTree = "<group>"; };
		F41F5B6E2CCC1BF90076D66F /* WalletView.swift */ = {isa = PBXFileReference; lastKnownFileType = sourcecode.swift; path = WalletView.swift; sourceTree = "<group>"; };
		F41F5B712CCC1DFC0076D66F /* TextAnimatableValue.swift */ = {isa = PBXFileReference; lastKnownFileType = sourcecode.swift; path = TextAnimatableValue.swift; sourceTree = "<group>"; };
		F41F5B732CCC1E420076D66F /* FinanceClass.swift */ = {isa = PBXFileReference; lastKnownFileType = sourcecode.swift; path = FinanceClass.swift; sourceTree = "<group>"; };
		F41F5B792CCC28350076D66F /* Inter_28pt-Medium.ttf */ = {isa = PBXFileReference; lastKnownFileType = file; path = "Inter_28pt-Medium.ttf"; sourceTree = "<group>"; };
		F41F5B7B2CCC3DBF0076D66F /* ChangeTargetView.swift */ = {isa = PBXFileReference; lastKnownFileType = sourcecode.swift; path = ChangeTargetView.swift; sourceTree = "<group>"; };
		F41F5B7D2CCC40E40076D66F /* TextfieldBetn.swift */ = {isa = PBXFileReference; lastKnownFileType = sourcecode.swift; path = TextfieldBetn.swift; sourceTree = "<group>"; };
		F41F5B7F2CCC45B00076D66F /* RedButtonView.swift */ = {isa = PBXFileReference; lastKnownFileType = sourcecode.swift; path = RedButtonView.swift; sourceTree = "<group>"; };
		F41F5B812CCC4CC40076D66F /* TipsView.swift */ = {isa = PBXFileReference; lastKnownFileType = sourcecode.swift; path = TipsView.swift; sourceTree = "<group>"; };
		F41F5B832CCC4E3B0076D66F /* SettingsView.swift */ = {isa = PBXFileReference; lastKnownFileType = sourcecode.swift; path = SettingsView.swift; sourceTree = "<group>"; };
		F41F5B862CCC5CCA0076D66F /* TipModel.swift */ = {isa = PBXFileReference; lastKnownFileType = sourcecode.swift; path = TipModel.swift; sourceTree = "<group>"; };
		F41F5B882CCC6B940076D66F /* TipRectangleView.swift */ = {isa = PBXFileReference; lastKnownFileType = sourcecode.swift; path = TipRectangleView.swift; sourceTree = "<group>"; };
		F41F5B8A2CCD3FBC0076D66F /* AddOperationView.swift */ = {isa = PBXFileReference; lastKnownFileType = sourcecode.swift; path = AddOperationView.swift; sourceTree = "<group>"; };
		F41F5B8C2CCD62800076D66F /* ChooseCategoryRectangle.swift */ = {isa = PBXFileReference; lastKnownFileType = sourcecode.swift; path = ChooseCategoryRectangle.swift; sourceTree = "<group>"; };
		F41F5B8E2CCE94D30076D66F /* OperationsHistoryRectangleView.swift */ = {isa = PBXFileReference; lastKnownFileType = sourcecode.swift; path = OperationsHistoryRectangleView.swift; sourceTree = "<group>"; };
		F41F5B912CCE9C9D0076D66F /* HistoryView.swift */ = {isa = PBXFileReference; lastKnownFileType = sourcecode.swift; path = HistoryView.swift; sourceTree = "<group>"; };
		F41F5B932CCEBE470076D66F /* AnalyticsRectangleView.swift */ = {isa = PBXFileReference; lastKnownFileType = sourcecode.swift; path = AnalyticsRectangleView.swift; sourceTree = "<group>"; };
		F4713CB32CD9434B00C5BDC6 /* IstokWeb-Bold.ttf */ = {isa = PBXFileReference; lastKnownFileType = file; path = "IstokWeb-Bold.ttf"; sourceTree = "<group>"; };
/* End PBXFileReference section */

/* Begin PBXFrameworksBuildPhase section */
		F41F5B482CCBB1C30076D66F /* Frameworks */ = {
			isa = PBXFrameworksBuildPhase;
			buildActionMask = 2147483647;
			files = (
			);
			runOnlyForDeploymentPostprocessing = 0;
		};
/* End PBXFrameworksBuildPhase section */

/* Begin PBXGroup section */
		F41F5B422CCBB1C30076D66F = {
			isa = PBXGroup;
			children = (
				F41F5B4D2CCBB1C30076D66F /* BitanoHelper */,
				F41F5B4C2CCBB1C30076D66F /* Products */,
			);
			sourceTree = "<group>";
		};
		F41F5B4C2CCBB1C30076D66F /* Products */ = {
			isa = PBXGroup;
			children = (
				F41F5B4B2CCBB1C30076D66F /* BitanoHelper.app */,
			);
			name = Products;
			sourceTree = "<group>";
		};
		F41F5B4D2CCBB1C30076D66F /* BitanoHelper */ = {
			isa = PBXGroup;
			children = (
				F4713CB32CD9434B00C5BDC6 /* IstokWeb-Bold.ttf */,
				F41F5B902CCE9C900076D66F /* History */,
				F41F5B852CCC5CC00076D66F /* Tips */,
				F41F5B792CCC28350076D66F /* Inter_28pt-Medium.ttf */,
				F41F5B702CCC1DDA0076D66F /* Wallet */,
				F41F5B6B2CCBBD8C0076D66F /* BitanoHelper.plist */,
				F41F5B692CCBBD820076D66F /* Inter_28pt-SemiBold.ttf */,
				F41F5B662CCBB9340076D66F /* Landing */,
				F41F5B612CCBB4370076D66F /* Managers */,
				F41F5B4E2CCBB1C30076D66F /* BitanaHelperApp.swift */,
				F41F5B522CCBB1C50076D66F /* Assets.xcassets */,
				F41F5B542CCBB1C50076D66F /* BitanoHelper.entitlements */,
				F41F5B552CCBB1C50076D66F /* Preview Content */,
				F41F5B5D2CCBB2590076D66F /* WaiterView.swift */,
				F41F5B642CCBB6F60076D66F /* CirclesLoadingView.swift */,
				F41F5B6C2CCC08C00076D66F /* TabBarView.swift */,
				F41F5B7D2CCC40E40076D66F /* TextfieldBetn.swift */,
				F41F5B7F2CCC45B00076D66F /* RedButtonView.swift */,
				F41F5B832CCC4E3B0076D66F /* SettingsView.swift */,
			);
			path = BitanoHelper;
			sourceTree = "<group>";
		};
		F41F5B552CCBB1C50076D66F /* Preview Content */ = {
			isa = PBXGroup;
			children = (
				F41F5B562CCBB1C50076D66F /* Preview Assets.xcassets */,
			);
			path = "Preview Content";
			sourceTree = "<group>";
		};
		F41F5B612CCBB4370076D66F /* Managers */ = {
			isa = PBXGroup;
			children = (
				F41F5B5F2CCBB4340076D66F /* NavigationManager.swift */,
				F41F5B622CCBB44B0076D66F /* ViewPresented.swift */,
			);
			path = Managers;
			sourceTree = "<group>";
		};
		F41F5B662CCBB9340076D66F /* Landing */ = {
			isa = PBXGroup;
			children = (
				F41F5B672CCBB93E0076D66F /* LandingView.swift */,
			);
			path = Landing;
			sourceTree = "<group>";
		};
		F41F5B702CCC1DDA0076D66F /* Wallet */ = {
			isa = PBXGroup;
			children = (
				F41F5B8A2CCD3FBC0076D66F /* AddOperationView.swift */,
				F41F5B6E2CCC1BF90076D66F /* WalletView.swift */,
				F41F5B712CCC1DFC0076D66F /* TextAnimatableValue.swift */,
				F41F5B732CCC1E420076D66F /* FinanceClass.swift */,
				F41F5B7B2CCC3DBF0076D66F /* ChangeTargetView.swift */,
				F41F5B8C2CCD62800076D66F /* ChooseCategoryRectangle.swift */,
				F41F5B8E2CCE94D30076D66F /* OperationsHistoryRectangleView.swift */,
			);
			path = Wallet;
			sourceTree = "<group>";
		};
		F41F5B852CCC5CC00076D66F /* Tips */ = {
			isa = PBXGroup;
			children = (
				F41F5B812CCC4CC40076D66F /* TipsView.swift */,
				F41F5B862CCC5CCA0076D66F /* TipModel.swift */,
				F41F5B882CCC6B940076D66F /* TipRectangleView.swift */,
			);
			path = Tips;
			sourceTree = "<group>";
		};
		F41F5B902CCE9C900076D66F /* History */ = {
			isa = PBXGroup;
			children = (
				F41F5B912CCE9C9D0076D66F /* HistoryView.swift */,
				F41F5B932CCEBE470076D66F /* AnalyticsRectangleView.swift */,
			);
			path = History;
			sourceTree = "<group>";
		};
/* End PBXGroup section */

/* Begin PBXNativeTarget section */
		F41F5B4A2CCBB1C30076D66F /* BitanoHelper */ = {
			isa = PBXNativeTarget;
			buildConfigurationList = F41F5B5A2CCBB1C50076D66F /* Build configuration list for PBXNativeTarget "BitanoHelper" */;
			buildPhases = (
				F41F5B472CCBB1C30076D66F /* Sources */,
				F41F5B482CCBB1C30076D66F /* Frameworks */,
				F41F5B492CCBB1C30076D66F /* Resources */,
			);
			buildRules = (
			);
			dependencies = (
			);
			name = BitanoHelper;
			productName = "Mr. Betano Win Using Savings";
			productReference = F41F5B4B2CCBB1C30076D66F /* BitanoHelper.app */;
			productType = "com.apple.product-type.application";
		};
/* End PBXNativeTarget section */

/* Begin PBXProject section */
		F41F5B432CCBB1C30076D66F /* Project object */ = {
			isa = PBXProject;
			attributes = {
				BuildIndependentTargetsInParallel = 1;
				LastSwiftUpdateCheck = 1540;
				LastUpgradeCheck = 1540;
				TargetAttributes = {
					F41F5B4A2CCBB1C30076D66F = {
						CreatedOnToolsVersion = 15.4;
					};
				};
			};
			buildConfigurationList = F41F5B462CCBB1C30076D66F /* Build configuration list for PBXProject "BitanoHelper" */;
			compatibilityVersion = "Xcode 15.3";
			developmentRegion = en;
			hasScannedForEncodings = 0;
			knownRegions = (
				en,
				Base,
			);
			mainGroup = F41F5B422CCBB1C30076D66F;
			productRefGroup = F41F5B4C2CCBB1C30076D66F /* Products */;
			projectDirPath = "";
			projectRoot = "";
			targets = (
				F41F5B4A2CCBB1C30076D66F /* BitanoHelper */,
			);
		};
/* End PBXProject section */

/* Begin PBXResourcesBuildPhase section */
		F41F5B492CCBB1C30076D66F /* Resources */ = {
			isa = PBXResourcesBuildPhase;
			buildActionMask = 2147483647;
			files = (
				F4713CB42CD9434B00C5BDC6 /* IstokWeb-Bold.ttf in Resources */,
				F41F5B7A2CCC28350076D66F /* Inter_28pt-Medium.ttf in Resources */,
				F41F5B6A2CCBBD820076D66F /* Inter_28pt-SemiBold.ttf in Resources */,
				F41F5B572CCBB1C50076D66F /* Preview Assets.xcassets in Resources */,
				F41F5B532CCBB1C50076D66F /* Assets.xcassets in Resources */,
			);
			runOnlyForDeploymentPostprocessing = 0;
		};
/* End PBXResourcesBuildPhase section */

/* Begin PBXSourcesBuildPhase section */
		F41F5B472CCBB1C30076D66F /* Sources */ = {
			isa = PBXSourcesBuildPhase;
			buildActionMask = 2147483647;
			files = (
				F41F5B842CCC4E3B0076D66F /* SettingsView.swift in Sources */,
				F41F5B7E2CCC40E40076D66F /* TextfieldBetn.swift in Sources */,
				F41F5B682CCBB93E0076D66F /* LandingView.swift in Sources */,
				F41F5B5E2CCBB2590076D66F /* WaiterView.swift in Sources */,
				F41F5B6D2CCC08C00076D66F /* TabBarView.swift in Sources */,
				F41F5B822CCC4CC40076D66F /* TipsView.swift in Sources */,
				F41F5B652CCBB6F60076D66F /* CirclesLoadingView.swift in Sources */,
				F41F5B922CCE9C9D0076D66F /* HistoryView.swift in Sources */,
				F41F5B8D2CCD62800076D66F /* ChooseCategoryRectangle.swift in Sources */,
				F41F5B872CCC5CCA0076D66F /* TipModel.swift in Sources */,
				F41F5B4F2CCBB1C30076D66F /* BitanaHelperApp.swift in Sources */,
				F41F5B722CCC1DFC0076D66F /* TextAnimatableValue.swift in Sources */,
				F41F5B602CCBB4340076D66F /* NavigationManager.swift in Sources */,
				F41F5B892CCC6B940076D66F /* TipRectangleView.swift in Sources */,
				F41F5B632CCBB44B0076D66F /* ViewPresented.swift in Sources */,
				F41F5B942CCEBE470076D66F /* AnalyticsRectangleView.swift in Sources */,
				F41F5B802CCC45B00076D66F /* RedButtonView.swift in Sources */,
				F41F5B6F2CCC1BF90076D66F /* WalletView.swift in Sources */,
				F41F5B742CCC1E420076D66F /* FinanceClass.swift in Sources */,
				F41F5B8F2CCE94D30076D66F /* OperationsHistoryRectangleView.swift in Sources */,
				F41F5B8B2CCD3FBC0076D66F /* AddOperationView.swift in Sources */,
				F41F5B7C2CCC3DBF0076D66F /* ChangeTargetView.swift in Sources */,
			);
			runOnlyForDeploymentPostprocessing = 0;
		};
/* End PBXSourcesBuildPhase section */

/* Begin XCBuildConfiguration section */
		F41F5B582CCBB1C50076D66F /* Debug */ = {
			isa = XCBuildConfiguration;
			buildSettings = {
				ALWAYS_SEARCH_USER_PATHS = NO;
				ASSETCATALOG_COMPILER_GENERATE_SWIFT_ASSET_SYMBOL_EXTENSIONS = YES;
				CLANG_ANALYZER_NONNULL = YES;
				CLANG_ANALYZER_NUMBER_OBJECT_CONVERSION = YES_AGGRESSIVE;
				CLANG_CXX_LANGUAGE_STANDARD = "gnu++20";
				CLANG_ENABLE_MODULES = YES;
				CLANG_ENABLE_OBJC_ARC = YES;
				CLANG_ENABLE_OBJC_WEAK = YES;
				CLANG_WARN_BLOCK_CAPTURE_AUTORELEASING = YES;
				CLANG_WARN_BOOL_CONVERSION = YES;
				CLANG_WARN_COMMA = YES;
				CLANG_WARN_CONSTANT_CONVERSION = YES;
				CLANG_WARN_DEPRECATED_OBJC_IMPLEMENTATIONS = YES;
				CLANG_WARN_DIRECT_OBJC_ISA_USAGE = YES_ERROR;
				CLANG_WARN_DOCUMENTATION_COMMENTS = YES;
				CLANG_WARN_EMPTY_BODY = YES;
				CLANG_WARN_ENUM_CONVERSION = YES;
				CLANG_WARN_INFINITE_RECURSION = YES;
				CLANG_WARN_INT_CONVERSION = YES;
				CLANG_WARN_NON_LITERAL_NULL_CONVERSION = YES;
				CLANG_WARN_OBJC_IMPLICIT_RETAIN_SELF = YES;
				CLANG_WARN_OBJC_LITERAL_CONVERSION = YES;
				CLANG_WARN_OBJC_ROOT_CLASS = YES_ERROR;
				CLANG_WARN_QUOTED_INCLUDE_IN_FRAMEWORK_HEADER = YES;
				CLANG_WARN_RANGE_LOOP_ANALYSIS = YES;
				CLANG_WARN_STRICT_PROTOTYPES = YES;
				CLANG_WARN_SUSPICIOUS_MOVE = YES;
				CLANG_WARN_UNGUARDED_AVAILABILITY = YES_AGGRESSIVE;
				CLANG_WARN_UNREACHABLE_CODE = YES;
				CLANG_WARN__DUPLICATE_METHOD_MATCH = YES;
				COPY_PHASE_STRIP = NO;
				DEBUG_INFORMATION_FORMAT = dwarf;
				ENABLE_STRICT_OBJC_MSGSEND = YES;
				ENABLE_TESTABILITY = YES;
				ENABLE_USER_SCRIPT_SANDBOXING = YES;
				GCC_C_LANGUAGE_STANDARD = gnu17;
				GCC_DYNAMIC_NO_PIC = NO;
				GCC_NO_COMMON_BLOCKS = YES;
				GCC_OPTIMIZATION_LEVEL = 0;
				GCC_PREPROCESSOR_DEFINITIONS = (
					"DEBUG=1",
					"$(inherited)",
				);
				GCC_WARN_64_TO_32_BIT_CONVERSION = YES;
				GCC_WARN_ABOUT_RETURN_TYPE = YES_ERROR;
				GCC_WARN_UNDECLARED_SELECTOR = YES;
				GCC_WARN_UNINITIALIZED_AUTOS = YES_AGGRESSIVE;
				GCC_WARN_UNUSED_FUNCTION = YES;
				GCC_WARN_UNUSED_VARIABLE = YES;
				LOCALIZATION_PREFERS_STRING_CATALOGS = YES;
				MTL_ENABLE_DEBUG_INFO = INCLUDE_SOURCE;
				MTL_FAST_MATH = YES;
				ONLY_ACTIVE_ARCH = YES;
				SWIFT_ACTIVE_COMPILATION_CONDITIONS = "DEBUG $(inherited)";
				SWIFT_OPTIMIZATION_LEVEL = "-Onone";
			};
			name = Debug;
		};
		F41F5B592CCBB1C50076D66F /* Release */ = {
			isa = XCBuildConfiguration;
			buildSettings = {
				ALWAYS_SEARCH_USER_PATHS = NO;
				ASSETCATALOG_COMPILER_GENERATE_SWIFT_ASSET_SYMBOL_EXTENSIONS = YES;
				CLANG_ANALYZER_NONNULL = YES;
				CLANG_ANALYZER_NUMBER_OBJECT_CONVERSION = YES_AGGRESSIVE;
				CLANG_CXX_LANGUAGE_STANDARD = "gnu++20";
				CLANG_ENABLE_MODULES = YES;
				CLANG_ENABLE_OBJC_ARC = YES;
				CLANG_ENABLE_OBJC_WEAK = YES;
				CLANG_WARN_BLOCK_CAPTURE_AUTORELEASING = YES;
				CLANG_WARN_BOOL_CONVERSION = YES;
				CLANG_WARN_COMMA = YES;
				CLANG_WARN_CONSTANT_CONVERSION = YES;
				CLANG_WARN_DEPRECATED_OBJC_IMPLEMENTATIONS = YES;
				CLANG_WARN_DIRECT_OBJC_ISA_USAGE = YES_ERROR;
				CLANG_WARN_DOCUMENTATION_COMMENTS = YES;
				CLANG_WARN_EMPTY_BODY = YES;
				CLANG_WARN_ENUM_CONVERSION = YES;
				CLANG_WARN_INFINITE_RECURSION = YES;
				CLANG_WARN_INT_CONVERSION = YES;
				CLANG_WARN_NON_LITERAL_NULL_CONVERSION = YES;
				CLANG_WARN_OBJC_IMPLICIT_RETAIN_SELF = YES;
				CLANG_WARN_OBJC_LITERAL_CONVERSION = YES;
				CLANG_WARN_OBJC_ROOT_CLASS = YES_ERROR;
				CLANG_WARN_QUOTED_INCLUDE_IN_FRAMEWORK_HEADER = YES;
				CLANG_WARN_RANGE_LOOP_ANALYSIS = YES;
				CLANG_WARN_STRICT_PROTOTYPES = YES;
				CLANG_WARN_SUSPICIOUS_MOVE = YES;
				CLANG_WARN_UNGUARDED_AVAILABILITY = YES_AGGRESSIVE;
				CLANG_WARN_UNREACHABLE_CODE = YES;
				CLANG_WARN__DUPLICATE_METHOD_MATCH = YES;
				COPY_PHASE_STRIP = NO;
				DEBUG_INFORMATION_FORMAT = "dwarf-with-dsym";
				ENABLE_NS_ASSERTIONS = NO;
				ENABLE_STRICT_OBJC_MSGSEND = YES;
				ENABLE_USER_SCRIPT_SANDBOXING = YES;
				GCC_C_LANGUAGE_STANDARD = gnu17;
				GCC_NO_COMMON_BLOCKS = YES;
				GCC_WARN_64_TO_32_BIT_CONVERSION = YES;
				GCC_WARN_ABOUT_RETURN_TYPE = YES_ERROR;
				GCC_WARN_UNDECLARED_SELECTOR = YES;
				GCC_WARN_UNINITIALIZED_AUTOS = YES_AGGRESSIVE;
				GCC_WARN_UNUSED_FUNCTION = YES;
				GCC_WARN_UNUSED_VARIABLE = YES;
				LOCALIZATION_PREFERS_STRING_CATALOGS = YES;
				MTL_ENABLE_DEBUG_INFO = NO;
				MTL_FAST_MATH = YES;
				SWIFT_COMPILATION_MODE = wholemodule;
			};
			name = Release;
		};
		F41F5B5B2CCBB1C50076D66F /* Debug */ = {
			isa = XCBuildConfiguration;
			buildSettings = {
				ASSETCATALOG_COMPILER_APPICON_NAME = AppIcon;
				ASSETCATALOG_COMPILER_GLOBAL_ACCENT_COLOR_NAME = AccentColor;
				CODE_SIGN_ENTITLEMENTS = BitanoHelper/BitanoHelper.entitlements;
				CODE_SIGN_IDENTITY = "Apple Development";
				CODE_SIGN_STYLE = Manual;
				CURRENT_PROJECT_VERSION = 1;
				DEVELOPMENT_ASSET_PATHS = "\"BitanoHelper/Preview Content\"";
				DEVELOPMENT_TEAM = "";
				ENABLE_PREVIEWS = YES;
				GENERATE_INFOPLIST_FILE = YES;
				INFOPLIST_FILE = BitanoHelper.plist;
				INFOPLIST_KEY_CFBundleDisplayName = BitanoHelper;
				"INFOPLIST_KEY_UIApplicationSceneManifest_Generation[sdk=iphoneos*]" = YES;
				"INFOPLIST_KEY_UIApplicationSceneManifest_Generation[sdk=iphonesimulator*]" = YES;
				"INFOPLIST_KEY_UIApplicationSupportsIndirectInputEvents[sdk=iphoneos*]" = YES;
				"INFOPLIST_KEY_UIApplicationSupportsIndirectInputEvents[sdk=iphonesimulator*]" = YES;
				"INFOPLIST_KEY_UILaunchScreen_Generation[sdk=iphoneos*]" = YES;
				"INFOPLIST_KEY_UILaunchScreen_Generation[sdk=iphonesimulator*]" = YES;
				"INFOPLIST_KEY_UIStatusBarStyle[sdk=iphoneos*]" = UIStatusBarStyleDefault;
				"INFOPLIST_KEY_UIStatusBarStyle[sdk=iphonesimulator*]" = UIStatusBarStyleDefault;
				INFOPLIST_KEY_UISupportedInterfaceOrientations = UIInterfaceOrientationPortrait;
				INFOPLIST_KEY_UISupportedInterfaceOrientations_iPad = "UIInterfaceOrientationLandscapeLeft UIInterfaceOrientationLandscapeRight UIInterfaceOrientationPortrait UIInterfaceOrientationPortraitUpsideDown";
				IPHONEOS_DEPLOYMENT_TARGET = 17.0;
				LD_RUNPATH_SEARCH_PATHS = "@executable_path/Frameworks";
				"LD_RUNPATH_SEARCH_PATHS[sdk=macosx*]" = "@executable_path/../Frameworks";
				MACOSX_DEPLOYMENT_TARGET = 14.5;
				MARKETING_VERSION = 1.0;
				PRODUCT_BUNDLE_IDENTIFIER = bitraHelper.bunde;
				PRODUCT_NAME = BitanoHelper;
				PROVISIONING_PROFILE_SPECIFIER = "";
				SDKROOT = auto;
				SUPPORTED_PLATFORMS = "iphoneos iphonesimulator";
				SUPPORTS_MACCATALYST = NO;
				SWIFT_EMIT_LOC_STRINGS = YES;
				SWIFT_VERSION = 5.0;
				TARGETED_DEVICE_FAMILY = 1;
			};
			name = Debug;
		};
		F41F5B5C2CCBB1C50076D66F /* Release */ = {
			isa = XCBuildConfiguration;
			buildSettings = {
				ASSETCATALOG_COMPILER_APPICON_NAME = AppIcon;
				ASSETCATALOG_COMPILER_GLOBAL_ACCENT_COLOR_NAME = AccentColor;
				CODE_SIGN_ENTITLEMENTS = BitanoHelper/BitanoHelper.entitlements;
				CODE_SIGN_IDENTITY = "Apple Development";
				CODE_SIGN_STYLE = Manual;
				CURRENT_PROJECT_VERSION = 1;
				DEVELOPMENT_ASSET_PATHS = "\"BitanoHelper/Preview Content\"";
				DEVELOPMENT_TEAM = "";
				ENABLE_PREVIEWS = YES;
				GENERATE_INFOPLIST_FILE = YES;
				INFOPLIST_FILE = BitanoHelper.plist;
				INFOPLIST_KEY_CFBundleDisplayName = BitanoHelper;
				"INFOPLIST_KEY_UIApplicationSceneManifest_Generation[sdk=iphoneos*]" = YES;
				"INFOPLIST_KEY_UIApplicationSceneManifest_Generation[sdk=iphonesimulator*]" = YES;
				"INFOPLIST_KEY_UIApplicationSupportsIndirectInputEvents[sdk=iphoneos*]" = YES;
				"INFOPLIST_KEY_UIApplicationSupportsIndirectInputEvents[sdk=iphonesimulator*]" = YES;
				"INFOPLIST_KEY_UILaunchScreen_Generation[sdk=iphoneos*]" = YES;
				"INFOPLIST_KEY_UILaunchScreen_Generation[sdk=iphonesimulator*]" = YES;
				"INFOPLIST_KEY_UIStatusBarStyle[sdk=iphoneos*]" = UIStatusBarStyleDefault;
				"INFOPLIST_KEY_UIStatusBarStyle[sdk=iphonesimulator*]" = UIStatusBarStyleDefault;
				INFOPLIST_KEY_UISupportedInterfaceOrientations = UIInterfaceOrientationPortrait;
				INFOPLIST_KEY_UISupportedInterfaceOrientations_iPad = "UIInterfaceOrientationLandscapeLeft UIInterfaceOrientationLandscapeRight UIInterfaceOrientationPortrait UIInterfaceOrientationPortraitUpsideDown";
				IPHONEOS_DEPLOYMENT_TARGET = 17.0;
				LD_RUNPATH_SEARCH_PATHS = "@executable_path/Frameworks";
				"LD_RUNPATH_SEARCH_PATHS[sdk=macosx*]" = "@executable_path/../Frameworks";
				MACOSX_DEPLOYMENT_TARGET = 14.5;
				MARKETING_VERSION = 1.0;
				PRODUCT_BUNDLE_IDENTIFIER = bitraHelper.bunde;
				PRODUCT_NAME = BitanoHelper;
				PROVISIONING_PROFILE_SPECIFIER = "";
				SDKROOT = auto;
				SUPPORTED_PLATFORMS = "iphoneos iphonesimulator";
				SUPPORTS_MACCATALYST = NO;
				SWIFT_EMIT_LOC_STRINGS = YES;
				SWIFT_VERSION = 5.0;
				TARGETED_DEVICE_FAMILY = 1;
			};
			name = Release;
		};
/* End XCBuildConfiguration section */

/* Begin XCConfigurationList section */
		F41F5B462CCBB1C30076D66F /* Build configuration list for PBXProject "BitanoHelper" */ = {
			isa = XCConfigurationList;
			buildConfigurations = (
				F41F5B582CCBB1C50076D66F /* Debug */,
				F41F5B592CCBB1C50076D66F /* Release */,
			);
			defaultConfigurationIsVisible = 0;
			defaultConfigurationName = Release;
		};
		F41F5B5A2CCBB1C50076D66F /* Build configuration list for PBXNativeTarget "BitanoHelper" */ = {
			isa = XCConfigurationList;
			buildConfigurations = (
				F41F5B5B2CCBB1C50076D66F /* Debug */,
				F41F5B5C2CCBB1C50076D66F /* Release */,
			);
			defaultConfigurationIsVisible = 0;
			defaultConfigurationName = Release;
		};
/* End XCConfigurationList section */
	};
	rootObject = F41F5B432CCBB1C30076D66F /* Project object */;
}
